
Microsoft Visual Studio Solution File, Format Version 12.00
# Visual Studio Version 16
VisualStudioVersion = 16.0.32106.194
MinimumVisualStudioVersion = 10.0.40219.1
Project("{9A19103F-16F7-4668-BE54-9A1E7A4F7556}") = "gateway", "gateway.csproj", "{DF4B92F0-7E06-4D32-B659-71731EA202CE}"
EndProject
Global
	GlobalSection(SolutionConfigurationPlatforms) = preSolution
		Debug|Any CPU = Debug|Any CPU
		Release|Any CPU = Release|Any CPU
	EndGlobalSection
	GlobalSection(ProjectConfigurationPlatforms) = postSolution
		{DF4B92F0-7E06-4D32-B659-71731EA202CE}.Debug|Any CPU.ActiveCfg = Debug|Any CPU
		{DF4B92F0-7E06-4D32-B659-71731EA202CE}.Debug|Any CPU.Build.0 = Debug|Any CPU
		{DF4B92F0-7E06-4D32-B659-71731EA202CE}.Release|Any CPU.ActiveCfg = Release|Any CPU
		{DF4B92F0-7E06-4D32-B659-71731EA202CE}.Release|Any CPU.Build.0 = Release|Any CPU
	EndGlobalSection
	GlobalSection(SolutionProperties) = preSolution
		HideSolutionNode = FALSE
	EndGlobalSection
	GlobalSection(ExtensibilityGlobals) = postSolution
		SolutionGuid = {78076010-B978-43C6-815F-464896819664}
	EndGlobalSection
EndGlobal
